
Microsoft Visual Studio Solution File, Format Version 12.00
# Visual Studio Version 16
VisualStudioVersion = 16.0.31424.327
MinimumVisualStudioVersion = 10.0.40219.1
Project("{FAE04EC0-301F-11D3-BF4B-00C04F79EFBC}") = "PushNotification", "PushNotification\PushNotification.csproj", "{847EBE0B-BD13-40C7-886A-9E393117CF05}"
EndProject
Global
	GlobalSection(SolutionConfigurationPlatforms) = preSolution
		Debug|Any CPU = Debug|Any CPU
		Release|Any CPU = Release|Any CPU
	EndGlobalSection
	GlobalSection(ProjectConfigurationPlatforms) = postSolution
		{847EBE0B-BD13-40C7-886A-9E393117CF05}.Debug|Any CPU.ActiveCfg = Debug|Any CPU
		{847EBE0B-BD13-40C7-886A-9E393117CF05}.Debug|Any CPU.Build.0 = Debug|Any CPU
		{847EBE0B-BD13-40C7-886A-9E393117CF05}.Release|Any CPU.ActiveCfg = Release|Any CPU
		{847EBE0B-BD13-40C7-886A-9E393117CF05}.Release|Any CPU.Build.0 = Release|Any CPU
	EndGlobalSection
	GlobalSection(SolutionProperties) = preSolution
		HideSolutionNode = FALSE
	EndGlobalSection
	GlobalSection(ExtensibilityGlobals) = postSolution
		SolutionGuid = {63F19BEA-C74D-4888-A90E-D7E3180A2477}
	EndGlobalSection
EndGlobal
